// !$*UTF8*$!
{
	archiveVersion = 1;
	classes = {
	};
	objectVersion = 51;
	objects = {

/* Begin PBXBuildFile section */
		8841E714A8C46090AF6C7FA1 /* Pods_SwiftUI_Firebase_Realm_TodoTests.framework in Frameworks */ = {isa = PBXBuildFile; fileRef = DAF194EA4FD6A42FDEBD3F41 /* Pods_SwiftUI_Firebase_Realm_TodoTests.framework */; };
		8E6605342C6C4D358312D04A /* Pods_SwiftUI_Firebase_Realm_Todo.framework in Frameworks */ = {isa = PBXBuildFile; fileRef = 87BB27C53C2FAB41D6F5FF5E /* Pods_SwiftUI_Firebase_Realm_Todo.framework */; };
		BF8F9E9794339A8CB219289F /* Pods_SwiftUI_Firebase_Realm_Todo_SwiftUI_Firebase_Realm_TodoUITests.framework in Frameworks */ = {isa = PBXBuildFile; fileRef = 85CE9E340C61CB26D0555AFD /* Pods_SwiftUI_Firebase_Realm_Todo_SwiftUI_Firebase_Realm_TodoUITests.framework */; };
		E79BE343263DCA99009985BB /* SwiftUI_Firebase_Realm_TodoApp.swift in Sources */ = {isa = PBXBuildFile; fileRef = E79BE342263DCA99009985BB /* SwiftUI_Firebase_Realm_TodoApp.swift */; };
		E79BE345263DCA99009985BB /* ContentView.swift in Sources */ = {isa = PBXBuildFile; fileRef = E79BE344263DCA99009985BB /* ContentView.swift */; };
		E79BE347263DCA9D009985BB /* Assets.xcassets in Resources */ = {isa = PBXBuildFile; fileRef = E79BE346263DCA9D009985BB /* Assets.xcassets */; };
		E79BE34A263DCA9D009985BB /* Preview Assets.xcassets in Resources */ = {isa = PBXBuildFile; fileRef = E79BE349263DCA9D009985BB /* Preview Assets.xcassets */; };
		E79BE34C263DCA9D009985BB /* Persistence.swift in Sources */ = {isa = PBXBuildFile; fileRef = E79BE34B263DCA9D009985BB /* Persistence.swift */; };
		E79BE34F263DCA9D009985BB /* SwiftUI_Firebase_Realm_Todo.xcdatamodeld in Sources */ = {isa = PBXBuildFile; fileRef = E79BE34D263DCA9D009985BB /* SwiftUI_Firebase_Realm_Todo.xcdatamodeld */; };
		E79BE35A263DCA9D009985BB /* SwiftUI_Firebase_Realm_TodoTests.swift in Sources */ = {isa = PBXBuildFile; fileRef = E79BE359263DCA9D009985BB /* SwiftUI_Firebase_Realm_TodoTests.swift */; };
		E79BE365263DCA9D009985BB /* SwiftUI_Firebase_Realm_TodoUITests.swift in Sources */ = {isa = PBXBuildFile; fileRef = E79BE364263DCA9D009985BB /* SwiftUI_Firebase_Realm_TodoUITests.swift */; };
		E7A6CCCC263E12A200E80B21 /* ButtonColor.swift in Sources */ = {isa = PBXBuildFile; fileRef = E7A6CCCB263E12A200E80B21 /* ButtonColor.swift */; };
		E7A6CCCE263E13F600E80B21 /* GoogleService-Info.plist in Resources */ = {isa = PBXBuildFile; fileRef = E7A6CCCD263E13F600E80B21 /* GoogleService-Info.plist */; };
		E7A6CCD6263E1D5000E80B21 /* ButtonViewModel.swift in Sources */ = {isa = PBXBuildFile; fileRef = E7A6CCD5263E1D5000E80B21 /* ButtonViewModel.swift */; };
/* End PBXBuildFile section */

/* Begin PBXContainerItemProxy section */
		E79BE356263DCA9D009985BB /* PBXContainerItemProxy */ = {
			isa = PBXContainerItemProxy;
			containerPortal = E79BE337263DCA99009985BB /* Project object */;
			proxyType = 1;
			remoteGlobalIDString = E79BE33E263DCA99009985BB;
			remoteInfo = "SwiftUI-Firebase-Realm-Todo";
		};
		E79BE361263DCA9D009985BB /* PBXContainerItemProxy */ = {
			isa = PBXContainerItemProxy;
			containerPortal = E79BE337263DCA99009985BB /* Project object */;
			proxyType = 1;
			remoteGlobalIDString = E79BE33E263DCA99009985BB;
			remoteInfo = "SwiftUI-Firebase-Realm-Todo";
		};
/* End PBXContainerItemProxy section */

/* Begin PBXFileReference section */
		0104F203840D7F52F5E26099 /* Pods-SwiftUI-Firebase-Realm-Todo.debug.xcconfig */ = {isa = PBXFileReference; includeInIndex = 1; lastKnownFileType = text.xcconfig; name = "Pods-SwiftUI-Firebase-Realm-Todo.debug.xcconfig"; path = "Target Support Files/Pods-SwiftUI-Firebase-Realm-Todo/Pods-SwiftUI-Firebase-Realm-Todo.debug.xcconfig"; sourceTree = "<group>"; };
		1BC081AD64EE4FFB21189988 /* Pods-SwiftUI-Firebase-Realm-TodoTests.debug.xcconfig */ = {isa = PBXFileReference; includeInIndex = 1; lastKnownFileType = text.xcconfig; name = "Pods-SwiftUI-Firebase-Realm-TodoTests.debug.xcconfig"; path = "Target Support Files/Pods-SwiftUI-Firebase-Realm-TodoTests/Pods-SwiftUI-Firebase-Realm-TodoTests.debug.xcconfig"; sourceTree = "<group>"; };
		623E0B5E86B63885A1D98059 /* Pods-SwiftUI-Firebase-Realm-Todo-SwiftUI-Firebase-Realm-TodoUITests.debug.xcconfig */ = {isa = PBXFileReference; includeInIndex = 1; lastKnownFileType = text.xcconfig; name = "Pods-SwiftUI-Firebase-Realm-Todo-SwiftUI-Firebase-Realm-TodoUITests.debug.xcconfig"; path = "Target Support Files/Pods-SwiftUI-Firebase-Realm-Todo-SwiftUI-Firebase-Realm-TodoUITests/Pods-SwiftUI-Firebase-Realm-Todo-SwiftUI-Firebase-Realm-TodoUITests.debug.xcconfig"; sourceTree = "<group>"; };
		79FF79A8C9281D98CC772246 /* Pods-SwiftUI-Firebase-Realm-TodoTests.release.xcconfig */ = {isa = PBXFileReference; includeInIndex = 1; lastKnownFileType = text.xcconfig; name = "Pods-SwiftUI-Firebase-Realm-TodoTests.release.xcconfig"; path = "Target Support Files/Pods-SwiftUI-Firebase-Realm-TodoTests/Pods-SwiftUI-Firebase-Realm-TodoTests.release.xcconfig"; sourceTree = "<group>"; };
		85CE9E340C61CB26D0555AFD /* Pods_SwiftUI_Firebase_Realm_Todo_SwiftUI_Firebase_Realm_TodoUITests.framework */ = {isa = PBXFileReference; explicitFileType = wrapper.framework; includeInIndex = 0; path = Pods_SwiftUI_Firebase_Realm_Todo_SwiftUI_Firebase_Realm_TodoUITests.framework; sourceTree = BUILT_PRODUCTS_DIR; };
		87BB27C53C2FAB41D6F5FF5E /* Pods_SwiftUI_Firebase_Realm_Todo.framework */ = {isa = PBXFileReference; explicitFileType = wrapper.framework; includeInIndex = 0; path = Pods_SwiftUI_Firebase_Realm_Todo.framework; sourceTree = BUILT_PRODUCTS_DIR; };
		8E389A2E8F123A0C107B45FE /* Pods-SwiftUI-Firebase-Realm-Todo.release.xcconfig */ = {isa = PBXFileReference; includeInIndex = 1; lastKnownFileType = text.xcconfig; name = "Pods-SwiftUI-Firebase-Realm-Todo.release.xcconfig"; path = "Target Support Files/Pods-SwiftUI-Firebase-Realm-Todo/Pods-SwiftUI-Firebase-Realm-Todo.release.xcconfig"; sourceTree = "<group>"; };
		A19D012F4AB1C2008E65ECB7 /* Pods-SwiftUI-Firebase-Realm-Todo-SwiftUI-Firebase-Realm-TodoUITests.release.xcconfig */ = {isa = PBXFileReference; includeInIndex = 1; lastKnownFileType = text.xcconfig; name = "Pods-SwiftUI-Firebase-Realm-Todo-SwiftUI-Firebase-Realm-TodoUITests.release.xcconfig"; path = "Target Support Files/Pods-SwiftUI-Firebase-Realm-Todo-SwiftUI-Firebase-Realm-TodoUITests/Pods-SwiftUI-Firebase-Realm-Todo-SwiftUI-Firebase-Realm-TodoUITests.release.xcconfig"; sourceTree = "<group>"; };
		DAF194EA4FD6A42FDEBD3F41 /* Pods_SwiftUI_Firebase_Realm_TodoTests.framework */ = {isa = PBXFileReference; explicitFileType = wrapper.framework; includeInIndex = 0; path = Pods_SwiftUI_Firebase_Realm_TodoTests.framework; sourceTree = BUILT_PRODUCTS_DIR; };
		E79BE33F263DCA99009985BB /* SwiftUI-Firebase-Realm-Todo.app */ = {isa = PBXFileReference; explicitFileType = wrapper.application; includeInIndex = 0; path = "SwiftUI-Firebase-Realm-Todo.app"; sourceTree = BUILT_PRODUCTS_DIR; };
		E79BE342263DCA99009985BB /* SwiftUI_Firebase_Realm_TodoApp.swift */ = {isa = PBXFileReference; lastKnownFileType = sourcecode.swift; path = SwiftUI_Firebase_Realm_TodoApp.swift; sourceTree = "<group>"; };
		E79BE344263DCA99009985BB /* ContentView.swift */ = {isa = PBXFileReference; lastKnownFileType = sourcecode.swift; path = ContentView.swift; sourceTree = "<group>"; };
		E79BE346263DCA9D009985BB /* Assets.xcassets */ = {isa = PBXFileReference; lastKnownFileType = folder.assetcatalog; path = Assets.xcassets; sourceTree = "<group>"; };
		E79BE349263DCA9D009985BB /* Preview Assets.xcassets */ = {isa = PBXFileReference; lastKnownFileType = folder.assetcatalog; path = "Preview Assets.xcassets"; sourceTree = "<group>"; };
		E79BE34B263DCA9D009985BB /* Persistence.swift */ = {isa = PBXFileReference; lastKnownFileType = sourcecode.swift; path = Persistence.swift; sourceTree = "<group>"; };
		E79BE34E263DCA9D009985BB /* SwiftUI_Firebase_Realm_Todo.xcdatamodel */ = {isa = PBXFileReference; lastKnownFileType = wrapper.xcdatamodel; path = SwiftUI_Firebase_Realm_Todo.xcdatamodel; sourceTree = "<group>"; };
		E79BE350263DCA9D009985BB /* Info.plist */ = {isa = PBXFileReference; lastKnownFileType = text.plist.xml; path = Info.plist; sourceTree = "<group>"; };
		E79BE355263DCA9D009985BB /* SwiftUI-Firebase-Realm-TodoTests.xctest */ = {isa = PBXFileReference; explicitFileType = wrapper.cfbundle; includeInIndex = 0; path = "SwiftUI-Firebase-Realm-TodoTests.xctest"; sourceTree = BUILT_PRODUCTS_DIR; };
		E79BE359263DCA9D009985BB /* SwiftUI_Firebase_Realm_TodoTests.swift */ = {isa = PBXFileReference; lastKnownFileType = sourcecode.swift; path = SwiftUI_Firebase_Realm_TodoTests.swift; sourceTree = "<group>"; };
		E79BE35B263DCA9D009985BB /* Info.plist */ = {isa = PBXFileReference; lastKnownFileType = text.plist.xml; path = Info.plist; sourceTree = "<group>"; };
		E79BE360263DCA9D009985BB /* SwiftUI-Firebase-Realm-TodoUITests.xctest */ = {isa = PBXFileReference; explicitFileType = wrapper.cfbundle; includeInIndex = 0; path = "SwiftUI-Firebase-Realm-TodoUITests.xctest"; sourceTree = BUILT_PRODUCTS_DIR; };
		E79BE364263DCA9D009985BB /* SwiftUI_Firebase_Realm_TodoUITests.swift */ = {isa = PBXFileReference; lastKnownFileType = sourcecode.swift; path = SwiftUI_Firebase_Realm_TodoUITests.swift; sourceTree = "<group>"; };
		E79BE366263DCA9D009985BB /* Info.plist */ = {isa = PBXFileReference; lastKnownFileType = text.plist.xml; path = Info.plist; sourceTree = "<group>"; };
		E7A6CCCB263E12A200E80B21 /* ButtonColor.swift */ = {isa = PBXFileReference; lastKnownFileType = sourcecode.swift; path = ButtonColor.swift; sourceTree = "<group>"; };
		E7A6CCCD263E13F600E80B21 /* GoogleService-Info.plist */ = {isa = PBXFileReference; fileEncoding = 4; lastKnownFileType = text.plist.xml; path = "GoogleService-Info.plist"; sourceTree = "<group>"; };
		E7A6CCD5263E1D5000E80B21 /* ButtonViewModel.swift */ = {isa = PBXFileReference; lastKnownFileType = sourcecode.swift; path = ButtonViewModel.swift; sourceTree = "<group>"; };
/* End PBXFileReference section */

/* Begin PBXFrameworksBuildPhase section */
		E79BE33C263DCA99009985BB /* Frameworks */ = {
			isa = PBXFrameworksBuildPhase;
			buildActionMask = 2147483647;
			files = (
				8E6605342C6C4D358312D04A /* Pods_SwiftUI_Firebase_Realm_Todo.framework in Frameworks */,
			);
			runOnlyForDeploymentPostprocessing = 0;
		};
		E79BE352263DCA9D009985BB /* Frameworks */ = {
			isa = PBXFrameworksBuildPhase;
			buildActionMask = 2147483647;
			files = (
				8841E714A8C46090AF6C7FA1 /* Pods_SwiftUI_Firebase_Realm_TodoTests.framework in Frameworks */,
			);
			runOnlyForDeploymentPostprocessing = 0;
		};
		E79BE35D263DCA9D009985BB /* Frameworks */ = {
			isa = PBXFrameworksBuildPhase;
			buildActionMask = 2147483647;
			files = (
				BF8F9E9794339A8CB219289F /* Pods_SwiftUI_Firebase_Realm_Todo_SwiftUI_Firebase_Realm_TodoUITests.framework in Frameworks */,
			);
			runOnlyForDeploymentPostprocessing = 0;
		};
/* End PBXFrameworksBuildPhase section */

/* Begin PBXGroup section */
		4E26BAD370D0CA38875A0966 /* Pods */ = {
			isa = PBXGroup;
			children = (
				0104F203840D7F52F5E26099 /* Pods-SwiftUI-Firebase-Realm-Todo.debug.xcconfig */,
				8E389A2E8F123A0C107B45FE /* Pods-SwiftUI-Firebase-Realm-Todo.release.xcconfig */,
				623E0B5E86B63885A1D98059 /* Pods-SwiftUI-Firebase-Realm-Todo-SwiftUI-Firebase-Realm-TodoUITests.debug.xcconfig */,
				A19D012F4AB1C2008E65ECB7 /* Pods-SwiftUI-Firebase-Realm-Todo-SwiftUI-Firebase-Realm-TodoUITests.release.xcconfig */,
				1BC081AD64EE4FFB21189988 /* Pods-SwiftUI-Firebase-Realm-TodoTests.debug.xcconfig */,
				79FF79A8C9281D98CC772246 /* Pods-SwiftUI-Firebase-Realm-TodoTests.release.xcconfig */,
			);
			path = Pods;
			sourceTree = "<group>";
		};
		BB2EDBFADC174C4EE375D6F8 /* Frameworks */ = {
			isa = PBXGroup;
			children = (
				87BB27C53C2FAB41D6F5FF5E /* Pods_SwiftUI_Firebase_Realm_Todo.framework */,
				85CE9E340C61CB26D0555AFD /* Pods_SwiftUI_Firebase_Realm_Todo_SwiftUI_Firebase_Realm_TodoUITests.framework */,
				DAF194EA4FD6A42FDEBD3F41 /* Pods_SwiftUI_Firebase_Realm_TodoTests.framework */,
			);
			name = Frameworks;
			sourceTree = "<group>";
		};
		E79BE336263DCA99009985BB = {
			isa = PBXGroup;
			children = (
				E79BE341263DCA99009985BB /* SwiftUI-Firebase-Realm-Todo */,
				E79BE358263DCA9D009985BB /* SwiftUI-Firebase-Realm-TodoTests */,
				E79BE363263DCA9D009985BB /* SwiftUI-Firebase-Realm-TodoUITests */,
				E79BE340263DCA99009985BB /* Products */,
				4E26BAD370D0CA38875A0966 /* Pods */,
				BB2EDBFADC174C4EE375D6F8 /* Frameworks */,
			);
			sourceTree = "<group>";
		};
		E79BE340263DCA99009985BB /* Products */ = {
			isa = PBXGroup;
			children = (
				E79BE33F263DCA99009985BB /* SwiftUI-Firebase-Realm-Todo.app */,
				E79BE355263DCA9D009985BB /* SwiftUI-Firebase-Realm-TodoTests.xctest */,
				E79BE360263DCA9D009985BB /* SwiftUI-Firebase-Realm-TodoUITests.xctest */,
			);
			name = Products;
			sourceTree = "<group>";
		};
		E79BE341263DCA99009985BB /* SwiftUI-Firebase-Realm-Todo */ = {
			isa = PBXGroup;
			children = (
				E7A6CCD4263E1D3B00E80B21 /* ViewModel */,
				E7A6CCCA263E127300E80B21 /* Model */,
				E79BE37F263DCC21009985BB /* App */,
				E79BE37B263DCBD3009985BB /* Views */,
				E79BE342263DCA99009985BB /* SwiftUI_Firebase_Realm_TodoApp.swift */,
				E79BE346263DCA9D009985BB /* Assets.xcassets */,
				E79BE34B263DCA9D009985BB /* Persistence.swift */,
				E79BE350263DCA9D009985BB /* Info.plist */,
				E7A6CCCD263E13F600E80B21 /* GoogleService-Info.plist */,
				E79BE34D263DCA9D009985BB /* SwiftUI_Firebase_Realm_Todo.xcdatamodeld */,
				E79BE348263DCA9D009985BB /* Preview Content */,
			);
			path = "SwiftUI-Firebase-Realm-Todo";
			sourceTree = "<group>";
		};
		E79BE348263DCA9D009985BB /* Preview Content */ = {
			isa = PBXGroup;
			children = (
				E79BE349263DCA9D009985BB /* Preview Assets.xcassets */,
			);
			path = "Preview Content";
			sourceTree = "<group>";
		};
		E79BE358263DCA9D009985BB /* SwiftUI-Firebase-Realm-TodoTests */ = {
			isa = PBXGroup;
			children = (
				E79BE359263DCA9D009985BB /* SwiftUI_Firebase_Realm_TodoTests.swift */,
				E79BE35B263DCA9D009985BB /* Info.plist */,
			);
			path = "SwiftUI-Firebase-Realm-TodoTests";
			sourceTree = "<group>";
		};
		E79BE363263DCA9D009985BB /* SwiftUI-Firebase-Realm-TodoUITests */ = {
			isa = PBXGroup;
			children = (
				E79BE364263DCA9D009985BB /* SwiftUI_Firebase_Realm_TodoUITests.swift */,
				E79BE366263DCA9D009985BB /* Info.plist */,
			);
			path = "SwiftUI-Firebase-Realm-TodoUITests";
			sourceTree = "<group>";
		};
		E79BE37B263DCBD3009985BB /* Views */ = {
			isa = PBXGroup;
			children = (
				E79BE344263DCA99009985BB /* ContentView.swift */,
			);
			path = Views;
			sourceTree = "<group>";
		};
		E79BE37F263DCC21009985BB /* App */ = {
			isa = PBXGroup;
			children = (
			);
			path = App;
			sourceTree = "<group>";
		};
		E7A6CCCA263E127300E80B21 /* Model */ = {
			isa = PBXGroup;
			children = (
				E7A6CCCB263E12A200E80B21 /* ButtonColor.swift */,
			);
			path = Model;
			sourceTree = "<group>";
		};
		E7A6CCD4263E1D3B00E80B21 /* ViewModel */ = {
			isa = PBXGroup;
			children = (
				E7A6CCD5263E1D5000E80B21 /* ButtonViewModel.swift */,
			);
			path = ViewModel;
			sourceTree = "<group>";
		};
/* End PBXGroup section */

/* Begin PBXNativeTarget section */
		E79BE33E263DCA99009985BB /* SwiftUI-Firebase-Realm-Todo */ = {
			isa = PBXNativeTarget;
			buildConfigurationList = E79BE369263DCA9D009985BB /* Build configuration list for PBXNativeTarget "SwiftUI-Firebase-Realm-Todo" */;
			buildPhases = (
				2EB3CB5F4861707DF77A8FB2 /* [CP] Check Pods Manifest.lock */,
				E79BE33B263DCA99009985BB /* Sources */,
				E79BE33C263DCA99009985BB /* Frameworks */,
				E79BE33D263DCA99009985BB /* Resources */,
				AC31A40312848D1BA7CFB831 /* [CP] Embed Pods Frameworks */,
			);
			buildRules = (
			);
			dependencies = (
			);
			name = "SwiftUI-Firebase-Realm-Todo";
			productName = "SwiftUI-Firebase-Realm-Todo";
			productReference = E79BE33F263DCA99009985BB /* SwiftUI-Firebase-Realm-Todo.app */;
			productType = "com.apple.product-type.application";
		};
		E79BE354263DCA9D009985BB /* SwiftUI-Firebase-Realm-TodoTests */ = {
			isa = PBXNativeTarget;
			buildConfigurationList = E79BE36C263DCA9D009985BB /* Build configuration list for PBXNativeTarget "SwiftUI-Firebase-Realm-TodoTests" */;
			buildPhases = (
				F4D4DF03B9508EA5EAB8363C /* [CP] Check Pods Manifest.lock */,
				E79BE351263DCA9D009985BB /* Sources */,
				E79BE352263DCA9D009985BB /* Frameworks */,
				E79BE353263DCA9D009985BB /* Resources */,
			);
			buildRules = (
			);
			dependencies = (
				E79BE357263DCA9D009985BB /* PBXTargetDependency */,
			);
			name = "SwiftUI-Firebase-Realm-TodoTests";
			productName = "SwiftUI-Firebase-Realm-TodoTests";
			productReference = E79BE355263DCA9D009985BB /* SwiftUI-Firebase-Realm-TodoTests.xctest */;
			productType = "com.apple.product-type.bundle.unit-test";
		};
		E79BE35F263DCA9D009985BB /* SwiftUI-Firebase-Realm-TodoUITests */ = {
			isa = PBXNativeTarget;
			buildConfigurationList = E79BE36F263DCA9D009985BB /* Build configuration list for PBXNativeTarget "SwiftUI-Firebase-Realm-TodoUITests" */;
			buildPhases = (
				0F47E423C8600C3FACD936F1 /* [CP] Check Pods Manifest.lock */,
				E79BE35C263DCA9D009985BB /* Sources */,
				E79BE35D263DCA9D009985BB /* Frameworks */,
				E79BE35E263DCA9D009985BB /* Resources */,
				8BED1D2417716B0352D3B965 /* [CP] Embed Pods Frameworks */,
			);
			buildRules = (
			);
			dependencies = (
				E79BE362263DCA9D009985BB /* PBXTargetDependency */,
			);
			name = "SwiftUI-Firebase-Realm-TodoUITests";
			productName = "SwiftUI-Firebase-Realm-TodoUITests";
			productReference = E79BE360263DCA9D009985BB /* SwiftUI-Firebase-Realm-TodoUITests.xctest */;
			productType = "com.apple.product-type.bundle.ui-testing";
		};
/* End PBXNativeTarget section */

/* Begin PBXProject section */
		E79BE337263DCA99009985BB /* Project object */ = {
			isa = PBXProject;
			attributes = {
				LastSwiftUpdateCheck = 1240;
				LastUpgradeCheck = 1240;
				TargetAttributes = {
					E79BE33E263DCA99009985BB = {
						CreatedOnToolsVersion = 12.4;
					};
					E79BE354263DCA9D009985BB = {
						CreatedOnToolsVersion = 12.4;
						TestTargetID = E79BE33E263DCA99009985BB;
					};
					E79BE35F263DCA9D009985BB = {
						CreatedOnToolsVersion = 12.4;
						TestTargetID = E79BE33E263DCA99009985BB;
					};
				};
			};
			buildConfigurationList = E79BE33A263DCA99009985BB /* Build configuration list for PBXProject "SwiftUI-Firebase-Realm-Todo" */;
			compatibilityVersion = "Xcode 9.3";
			developmentRegion = en;
			hasScannedForEncodings = 0;
			knownRegions = (
				en,
				Base,
			);
			mainGroup = E79BE336263DCA99009985BB;
			productRefGroup = E79BE340263DCA99009985BB /* Products */;
			projectDirPath = "";
			projectRoot = "";
			targets = (
				E79BE33E263DCA99009985BB /* SwiftUI-Firebase-Realm-Todo */,
				E79BE354263DCA9D009985BB /* SwiftUI-Firebase-Realm-TodoTests */,
				E79BE35F263DCA9D009985BB /* SwiftUI-Firebase-Realm-TodoUITests */,
			);
		};
/* End PBXProject section */

/* Begin PBXResourcesBuildPhase section */
		E79BE33D263DCA99009985BB /* Resources */ = {
			isa = PBXResourcesBuildPhase;
			buildActionMask = 2147483647;
			files = (
				E79BE34A263DCA9D009985BB /* Preview Assets.xcassets in Resources */,
				E79BE347263DCA9D009985BB /* Assets.xcassets in Resources */,
				E7A6CCCE263E13F600E80B21 /* GoogleService-Info.plist in Resources */,
			);
			runOnlyForDeploymentPostprocessing = 0;
		};
		E79BE353263DCA9D009985BB /* Resources */ = {
			isa = PBXResourcesBuildPhase;
			buildActionMask = 2147483647;
			files = (
			);
			runOnlyForDeploymentPostprocessing = 0;
		};
		E79BE35E263DCA9D009985BB /* Resources */ = {
			isa = PBXResourcesBuildPhase;
			buildActionMask = 2147483647;
			files = (
			);
			runOnlyForDeploymentPostprocessing = 0;
		};
/* End PBXResourcesBuildPhase section */

/* Begin PBXShellScriptBuildPhase section */
		0F47E423C8600C3FACD936F1 /* [CP] Check Pods Manifest.lock */ = {
			isa = PBXShellScriptBuildPhase;
			buildActionMask = 2147483647;
			files = (
			);
			inputFileListPaths = (
			);
			inputPaths = (
				"${PODS_PODFILE_DIR_PATH}/Podfile.lock",
				"${PODS_ROOT}/Manifest.lock",
			);
			name = "[CP] Check Pods Manifest.lock";
			outputFileListPaths = (
			);
			outputPaths = (
				"$(DERIVED_FILE_DIR)/Pods-SwiftUI-Firebase-Realm-Todo-SwiftUI-Firebase-Realm-TodoUITests-checkManifestLockResult.txt",
			);
			runOnlyForDeploymentPostprocessing = 0;
			shellPath = /bin/sh;
			shellScript = "diff \"${PODS_PODFILE_DIR_PATH}/Podfile.lock\" \"${PODS_ROOT}/Manifest.lock\" > /dev/null\nif [ $? != 0 ] ; then\n    # print error to STDERR\n    echo \"error: The sandbox is not in sync with the Podfile.lock. Run 'pod install' or update your CocoaPods installation.\" >&2\n    exit 1\nfi\n# This output is used by Xcode 'outputs' to avoid re-running this script phase.\necho \"SUCCESS\" > \"${SCRIPT_OUTPUT_FILE_0}\"\n";
			showEnvVarsInLog = 0;
		};
		2EB3CB5F4861707DF77A8FB2 /* [CP] Check Pods Manifest.lock */ = {
			isa = PBXShellScriptBuildPhase;
			buildActionMask = 2147483647;
			files = (
			);
			inputFileListPaths = (
			);
			inputPaths = (
				"${PODS_PODFILE_DIR_PATH}/Podfile.lock",
				"${PODS_ROOT}/Manifest.lock",
			);
			name = "[CP] Check Pods Manifest.lock";
			outputFileListPaths = (
			);
			outputPaths = (
				"$(DERIVED_FILE_DIR)/Pods-SwiftUI-Firebase-Realm-Todo-checkManifestLockResult.txt",
			);
			runOnlyForDeploymentPostprocessing = 0;
			shellPath = /bin/sh;
			shellScript = "diff \"${PODS_PODFILE_DIR_PATH}/Podfile.lock\" \"${PODS_ROOT}/Manifest.lock\" > /dev/null\nif [ $? != 0 ] ; then\n    # print error to STDERR\n    echo \"error: The sandbox is not in sync with the Podfile.lock. Run 'pod install' or update your CocoaPods installation.\" >&2\n    exit 1\nfi\n# This output is used by Xcode 'outputs' to avoid re-running this script phase.\necho \"SUCCESS\" > \"${SCRIPT_OUTPUT_FILE_0}\"\n";
			showEnvVarsInLog = 0;
		};
		8BED1D2417716B0352D3B965 /* [CP] Embed Pods Frameworks */ = {
			isa = PBXShellScriptBuildPhase;
			buildActionMask = 2147483647;
			files = (
			);
			inputFileListPaths = (
				"${PODS_ROOT}/Target Support Files/Pods-SwiftUI-Firebase-Realm-Todo-SwiftUI-Firebase-Realm-TodoUITests/Pods-SwiftUI-Firebase-Realm-Todo-SwiftUI-Firebase-Realm-TodoUITests-frameworks-${CONFIGURATION}-input-files.xcfilelist",
			);
			name = "[CP] Embed Pods Frameworks";
			outputFileListPaths = (
				"${PODS_ROOT}/Target Support Files/Pods-SwiftUI-Firebase-Realm-Todo-SwiftUI-Firebase-Realm-TodoUITests/Pods-SwiftUI-Firebase-Realm-Todo-SwiftUI-Firebase-Realm-TodoUITests-frameworks-${CONFIGURATION}-output-files.xcfilelist",
			);
			runOnlyForDeploymentPostprocessing = 0;
			shellPath = /bin/sh;
			shellScript = "\"${PODS_ROOT}/Target Support Files/Pods-SwiftUI-Firebase-Realm-Todo-SwiftUI-Firebase-Realm-TodoUITests/Pods-SwiftUI-Firebase-Realm-Todo-SwiftUI-Firebase-Realm-TodoUITests-frameworks.sh\"\n";
			showEnvVarsInLog = 0;
		};
		AC31A40312848D1BA7CFB831 /* [CP] Embed Pods Frameworks */ = {
			isa = PBXShellScriptBuildPhase;
			buildActionMask = 2147483647;
			files = (
			);
			inputFileListPaths = (
				"${PODS_ROOT}/Target Support Files/Pods-SwiftUI-Firebase-Realm-Todo/Pods-SwiftUI-Firebase-Realm-Todo-frameworks-${CONFIGURATION}-input-files.xcfilelist",
			);
			name = "[CP] Embed Pods Frameworks";
			outputFileListPaths = (
				"${PODS_ROOT}/Target Support Files/Pods-SwiftUI-Firebase-Realm-Todo/Pods-SwiftUI-Firebase-Realm-Todo-frameworks-${CONFIGURATION}-output-files.xcfilelist",
			);
			runOnlyForDeploymentPostprocessing = 0;
			shellPath = /bin/sh;
			shellScript = "\"${PODS_ROOT}/Target Support Files/Pods-SwiftUI-Firebase-Realm-Todo/Pods-SwiftUI-Firebase-Realm-Todo-frameworks.sh\"\n";
			showEnvVarsInLog = 0;
		};
		F4D4DF03B9508EA5EAB8363C /* [CP] Check Pods Manifest.lock */ = {
			isa = PBXShellScriptBuildPhase;
			buildActionMask = 2147483647;
			files = (
			);
			inputFileListPaths = (
			);
			inputPaths = (
				"${PODS_PODFILE_DIR_PATH}/Podfile.lock",
				"${PODS_ROOT}/Manifest.lock",
			);
			name = "[CP] Check Pods Manifest.lock";
			outputFileListPaths = (
			);
			outputPaths = (
				"$(DERIVED_FILE_DIR)/Pods-SwiftUI-Firebase-Realm-TodoTests-checkManifestLockResult.txt",
			);
			runOnlyForDeploymentPostprocessing = 0;
			shellPath = /bin/sh;
			shellScript = "diff \"${PODS_PODFILE_DIR_PATH}/Podfile.lock\" \"${PODS_ROOT}/Manifest.lock\" > /dev/null\nif [ $? != 0 ] ; then\n    # print error to STDERR\n    echo \"error: The sandbox is not in sync with the Podfile.lock. Run 'pod install' or update your CocoaPods installation.\" >&2\n    exit 1\nfi\n# This output is used by Xcode 'outputs' to avoid re-running this script phase.\necho \"SUCCESS\" > \"${SCRIPT_OUTPUT_FILE_0}\"\n";
			showEnvVarsInLog = 0;
		};
/* End PBXShellScriptBuildPhase section */

/* Begin PBXSourcesBuildPhase section */
		E79BE33B263DCA99009985BB /* Sources */ = {
			isa = PBXSourcesBuildPhase;
			buildActionMask = 2147483647;
			files = (
				E79BE34F263DCA9D009985BB /* SwiftUI_Firebase_Realm_Todo.xcdatamodeld in Sources */,
				E79BE34C263DCA9D009985BB /* Persistence.swift in Sources */,
				E79BE345263DCA99009985BB /* ContentView.swift in Sources */,
				E7A6CCCC263E12A200E80B21 /* ButtonColor.swift in Sources */,
				E79BE343263DCA99009985BB /* SwiftUI_Firebase_Realm_TodoApp.swift in Sources */,
				E7A6CCD6263E1D5000E80B21 /* ButtonViewModel.swift in Sources */,
			);
			runOnlyForDeploymentPostprocessing = 0;
		};
		E79BE351263DCA9D009985BB /* Sources */ = {
			isa = PBXSourcesBuildPhase;
			buildActionMask = 2147483647;
			files = (
				E79BE35A263DCA9D009985BB /* SwiftUI_Firebase_Realm_TodoTests.swift in Sources */,
			);
			runOnlyForDeploymentPostprocessing = 0;
		};
		E79BE35C263DCA9D009985BB /* Sources */ = {
			isa = PBXSourcesBuildPhase;
			buildActionMask = 2147483647;
			files = (
				E79BE365263DCA9D009985BB /* SwiftUI_Firebase_Realm_TodoUITests.swift in Sources */,
			);
			runOnlyForDeploymentPostprocessing = 0;
		};
/* End PBXSourcesBuildPhase section */

/* Begin PBXTargetDependency section */
		E79BE357263DCA9D009985BB /* PBXTargetDependency */ = {
			isa = PBXTargetDependency;
			target = E79BE33E263DCA99009985BB /* SwiftUI-Firebase-Realm-Todo */;
			targetProxy = E79BE356263DCA9D009985BB /* PBXContainerItemProxy */;
		};
		E79BE362263DCA9D009985BB /* PBXTargetDependency */ = {
			isa = PBXTargetDependency;
			target = E79BE33E263DCA99009985BB /* SwiftUI-Firebase-Realm-Todo */;
			targetProxy = E79BE361263DCA9D009985BB /* PBXContainerItemProxy */;
		};
/* End PBXTargetDependency section */

/* Begin XCBuildConfiguration section */
		E79BE367263DCA9D009985BB /* Debug */ = {
			isa = XCBuildConfiguration;
			buildSettings = {
				ALWAYS_SEARCH_USER_PATHS = NO;
				CLANG_ANALYZER_NONNULL = YES;
				CLANG_ANALYZER_NUMBER_OBJECT_CONVERSION = YES_AGGRESSIVE;
				CLANG_CXX_LANGUAGE_STANDARD = "gnu++14";
				CLANG_CXX_LIBRARY = "libc++";
				CLANG_ENABLE_MODULES = YES;
				CLANG_ENABLE_OBJC_ARC = YES;
				CLANG_ENABLE_OBJC_WEAK = YES;
				CLANG_WARN_BLOCK_CAPTURE_AUTORELEASING = YES;
				CLANG_WARN_BOOL_CONVERSION = YES;
				CLANG_WARN_COMMA = YES;
				CLANG_WARN_CONSTANT_CONVERSION = YES;
				CLANG_WARN_DEPRECATED_OBJC_IMPLEMENTATIONS = YES;
				CLANG_WARN_DIRECT_OBJC_ISA_USAGE = YES_ERROR;
				CLANG_WARN_DOCUMENTATION_COMMENTS = YES;
				CLANG_WARN_EMPTY_BODY = YES;
				CLANG_WARN_ENUM_CONVERSION = YES;
				CLANG_WARN_INFINITE_RECURSION = YES;
				CLANG_WARN_INT_CONVERSION = YES;
				CLANG_WARN_NON_LITERAL_NULL_CONVERSION = YES;
				CLANG_WARN_OBJC_IMPLICIT_RETAIN_SELF = YES;
				CLANG_WARN_OBJC_LITERAL_CONVERSION = YES;
				CLANG_WARN_OBJC_ROOT_CLASS = YES_ERROR;
				CLANG_WARN_QUOTED_INCLUDE_IN_FRAMEWORK_HEADER = YES;
				CLANG_WARN_RANGE_LOOP_ANALYSIS = YES;
				CLANG_WARN_STRICT_PROTOTYPES = YES;
				CLANG_WARN_SUSPICIOUS_MOVE = YES;
				CLANG_WARN_UNGUARDED_AVAILABILITY = YES_AGGRESSIVE;
				CLANG_WARN_UNREACHABLE_CODE = YES;
				CLANG_WARN__DUPLICATE_METHOD_MATCH = YES;
				COPY_PHASE_STRIP = NO;
				DEBUG_INFORMATION_FORMAT = dwarf;
				ENABLE_STRICT_OBJC_MSGSEND = YES;
				ENABLE_TESTABILITY = YES;
				GCC_C_LANGUAGE_STANDARD = gnu11;
				GCC_DYNAMIC_NO_PIC = NO;
				GCC_NO_COMMON_BLOCKS = YES;
				GCC_OPTIMIZATION_LEVEL = 0;
				GCC_PREPROCESSOR_DEFINITIONS = (
					"DEBUG=1",
					"$(inherited)",
				);
				GCC_WARN_64_TO_32_BIT_CONVERSION = YES;
				GCC_WARN_ABOUT_RETURN_TYPE = YES_ERROR;
				GCC_WARN_UNDECLARED_SELECTOR = YES;
				GCC_WARN_UNINITIALIZED_AUTOS = YES_AGGRESSIVE;
				GCC_WARN_UNUSED_FUNCTION = YES;
				GCC_WARN_UNUSED_VARIABLE = YES;
				IPHONEOS_DEPLOYMENT_TARGET = 14.4;
				MTL_ENABLE_DEBUG_INFO = INCLUDE_SOURCE;
				MTL_FAST_MATH = YES;
				ONLY_ACTIVE_ARCH = YES;
				SDKROOT = iphoneos;
				SWIFT_ACTIVE_COMPILATION_CONDITIONS = DEBUG;
				SWIFT_OPTIMIZATION_LEVEL = "-Onone";
			};
			name = Debug;
		};
		E79BE368263DCA9D009985BB /* Release */ = {
			isa = XCBuildConfiguration;
			buildSettings = {
				ALWAYS_SEARCH_USER_PATHS = NO;
				CLANG_ANALYZER_NONNULL = YES;
				CLANG_ANALYZER_NUMBER_OBJECT_CONVERSION = YES_AGGRESSIVE;
				CLANG_CXX_LANGUAGE_STANDARD = "gnu++14";
				CLANG_CXX_LIBRARY = "libc++";
				CLANG_ENABLE_MODULES = YES;
				CLANG_ENABLE_OBJC_ARC = YES;
				CLANG_ENABLE_OBJC_WEAK = YES;
				CLANG_WARN_BLOCK_CAPTURE_AUTORELEASING = YES;
				CLANG_WARN_BOOL_CONVERSION = YES;
				CLANG_WARN_COMMA = YES;
				CLANG_WARN_CONSTANT_CONVERSION = YES;
				CLANG_WARN_DEPRECATED_OBJC_IMPLEMENTATIONS = YES;
				CLANG_WARN_DIRECT_OBJC_ISA_USAGE = YES_ERROR;
				CLANG_WARN_DOCUMENTATION_COMMENTS = YES;
				CLANG_WARN_EMPTY_BODY = YES;
				CLANG_WARN_ENUM_CONVERSION = YES;
				CLANG_WARN_INFINITE_RECURSION = YES;
				CLANG_WARN_INT_CONVERSION = YES;
				CLANG_WARN_NON_LITERAL_NULL_CONVERSION = YES;
				CLANG_WARN_OBJC_IMPLICIT_RETAIN_SELF = YES;
				CLANG_WARN_OBJC_LITERAL_CONVERSION = YES;
				CLANG_WARN_OBJC_ROOT_CLASS = YES_ERROR;
				CLANG_WARN_QUOTED_INCLUDE_IN_FRAMEWORK_HEADER = YES;
				CLANG_WARN_RANGE_LOOP_ANALYSIS = YES;
				CLANG_WARN_STRICT_PROTOTYPES = YES;
				CLANG_WARN_SUSPICIOUS_MOVE = YES;
				CLANG_WARN_UNGUARDED_AVAILABILITY = YES_AGGRESSIVE;
				CLANG_WARN_UNREACHABLE_CODE = YES;
				CLANG_WARN__DUPLICATE_METHOD_MATCH = YES;
				COPY_PHASE_STRIP = NO;
				DEBUG_INFORMATION_FORMAT = "dwarf-with-dsym";
				ENABLE_NS_ASSERTIONS = NO;
				ENABLE_STRICT_OBJC_MSGSEND = YES;
				GCC_C_LANGUAGE_STANDARD = gnu11;
				GCC_NO_COMMON_BLOCKS = YES;
				GCC_WARN_64_TO_32_BIT_CONVERSION = YES;
				GCC_WARN_ABOUT_RETURN_TYPE = YES_ERROR;
				GCC_WARN_UNDECLARED_SELECTOR = YES;
				GCC_WARN_UNINITIALIZED_AUTOS = YES_AGGRESSIVE;
				GCC_WARN_UNUSED_FUNCTION = YES;
				GCC_WARN_UNUSED_VARIABLE = YES;
				IPHONEOS_DEPLOYMENT_TARGET = 14.4;
				MTL_ENABLE_DEBUG_INFO = NO;
				MTL_FAST_MATH = YES;
				SDKROOT = iphoneos;
				SWIFT_COMPILATION_MODE = wholemodule;
				SWIFT_OPTIMIZATION_LEVEL = "-O";
				VALIDATE_PRODUCT = YES;
			};
			name = Release;
		};
		E79BE36A263DCA9D009985BB /* Debug */ = {
			isa = XCBuildConfiguration;
			baseConfigurationReference = 0104F203840D7F52F5E26099 /* Pods-SwiftUI-Firebase-Realm-Todo.debug.xcconfig */;
			buildSettings = {
				ASSETCATALOG_COMPILER_APPICON_NAME = AppIcon;
				ASSETCATALOG_COMPILER_GLOBAL_ACCENT_COLOR_NAME = AccentColor;
				CODE_SIGN_STYLE = Automatic;
				DEVELOPMENT_ASSET_PATHS = "\"SwiftUI-Firebase-Realm-Todo/Preview Content\"";
				DEVELOPMENT_TEAM = KKN37UUKG9;
				ENABLE_PREVIEWS = YES;
				INFOPLIST_FILE = "SwiftUI-Firebase-Realm-Todo/Info.plist";
				IPHONEOS_DEPLOYMENT_TARGET = 14.0;
				LD_RUNPATH_SEARCH_PATHS = (
					"$(inherited)",
					"@executable_path/Frameworks",
				);
				PRODUCT_BUNDLE_IDENTIFIER = "pro.tambovtsev.SwiftUI-Firebase-Realm-Todo";
				PRODUCT_NAME = "$(TARGET_NAME)";
				SWIFT_VERSION = 5.0;
				TARGETED_DEVICE_FAMILY = "1,2";
			};
			name = Debug;
		};
		E79BE36B263DCA9D009985BB /* Release */ = {
			isa = XCBuildConfiguration;
			baseConfigurationReference = 8E389A2E8F123A0C107B45FE /* Pods-SwiftUI-Firebase-Realm-Todo.release.xcconfig */;
			buildSettings = {
				ASSETCATALOG_COMPILER_APPICON_NAME = AppIcon;
				ASSETCATALOG_COMPILER_GLOBAL_ACCENT_COLOR_NAME = AccentColor;
				CODE_SIGN_STYLE = Automatic;
				DEVELOPMENT_ASSET_PATHS = "\"SwiftUI-Firebase-Realm-Todo/Preview Content\"";
				DEVELOPMENT_TEAM = KKN37UUKG9;
				ENABLE_PREVIEWS = YES;
				INFOPLIST_FILE = "SwiftUI-Firebase-Realm-Todo/Info.plist";
				IPHONEOS_DEPLOYMENT_TARGET = 14.0;
				LD_RUNPATH_SEARCH_PATHS = (
					"$(inherited)",
					"@executable_path/Frameworks",
				);
				PRODUCT_BUNDLE_IDENTIFIER = "pro.tambovtsev.SwiftUI-Firebase-Realm-Todo";
				PRODUCT_NAME = "$(TARGET_NAME)";
				SWIFT_VERSION = 5.0;
				TARGETED_DEVICE_FAMILY = "1,2";
			};
			name = Release;
		};
		E79BE36D263DCA9D009985BB /* Debug */ = {
			isa = XCBuildConfiguration;
			baseConfigurationReference = 1BC081AD64EE4FFB21189988 /* Pods-SwiftUI-Firebase-Realm-TodoTests.debug.xcconfig */;
			buildSettings = {
				ALWAYS_EMBED_SWIFT_STANDARD_LIBRARIES = YES;
				BUNDLE_LOADER = "$(TEST_HOST)";
				CODE_SIGN_STYLE = Automatic;
				DEVELOPMENT_TEAM = KKN37UUKG9;
				INFOPLIST_FILE = "SwiftUI-Firebase-Realm-TodoTests/Info.plist";
				IPHONEOS_DEPLOYMENT_TARGET = 14.0;
				LD_RUNPATH_SEARCH_PATHS = (
					"$(inherited)",
					"@executable_path/Frameworks",
					"@loader_path/Frameworks",
				);
				PRODUCT_BUNDLE_IDENTIFIER = "pro.tambovtsev.SwiftUI-Firebase-Realm-TodoTests";
				PRODUCT_NAME = "$(TARGET_NAME)";
				SWIFT_VERSION = 5.0;
				TARGETED_DEVICE_FAMILY = "1,2";
				TEST_HOST = "$(BUILT_PRODUCTS_DIR)/SwiftUI-Firebase-Realm-Todo.app/SwiftUI-Firebase-Realm-Todo";
			};
			name = Debug;
		};
		E79BE36E263DCA9D009985BB /* Release */ = {
			isa = XCBuildConfiguration;
			baseConfigurationReference = 79FF79A8C9281D98CC772246 /* Pods-SwiftUI-Firebase-Realm-TodoTests.release.xcconfig */;
			buildSettings = {
				ALWAYS_EMBED_SWIFT_STANDARD_LIBRARIES = YES;
				BUNDLE_LOADER = "$(TEST_HOST)";
				CODE_SIGN_STYLE = Automatic;
				DEVELOPMENT_TEAM = KKN37UUKG9;
				INFOPLIST_FILE = "SwiftUI-Firebase-Realm-TodoTests/Info.plist";
				IPHONEOS_DEPLOYMENT_TARGET = 14.0;
				LD_RUNPATH_SEARCH_PATHS = (
					"$(inherited)",
					"@executable_path/Frameworks",
					"@loader_path/Frameworks",
				);
				PRODUCT_BUNDLE_IDENTIFIER = "pro.tambovtsev.SwiftUI-Firebase-Realm-TodoTests";
				PRODUCT_NAME = "$(TARGET_NAME)";
				SWIFT_VERSION = 5.0;
				TARGETED_DEVICE_FAMILY = "1,2";
				TEST_HOST = "$(BUILT_PRODUCTS_DIR)/SwiftUI-Firebase-Realm-Todo.app/SwiftUI-Firebase-Realm-Todo";
			};
			name = Release;
		};
		E79BE370263DCA9D009985BB /* Debug */ = {
			isa = XCBuildConfiguration;
			baseConfigurationReference = 623E0B5E86B63885A1D98059 /* Pods-SwiftUI-Firebase-Realm-Todo-SwiftUI-Firebase-Realm-TodoUITests.debug.xcconfig */;
			buildSettings = {
				ALWAYS_EMBED_SWIFT_STANDARD_LIBRARIES = YES;
				CODE_SIGN_STYLE = Automatic;
				DEVELOPMENT_TEAM = KKN37UUKG9;
				INFOPLIST_FILE = "SwiftUI-Firebase-Realm-TodoUITests/Info.plist";
				LD_RUNPATH_SEARCH_PATHS = (
					"$(inherited)",
					"@executable_path/Frameworks",
					"@loader_path/Frameworks",
				);
				PRODUCT_BUNDLE_IDENTIFIER = "pro.tambovtsev.SwiftUI-Firebase-Realm-TodoUITests";
				PRODUCT_NAME = "$(TARGET_NAME)";
				SWIFT_VERSION = 5.0;
				TARGETED_DEVICE_FAMILY = "1,2";
				TEST_TARGET_NAME = "SwiftUI-Firebase-Realm-Todo";
			};
			name = Debug;
		};
		E79BE371263DCA9D009985BB /* Release */ = {
			isa = XCBuildConfiguration;
			baseConfigurationReference = A19D012F4AB1C2008E65ECB7 /* Pods-SwiftUI-Firebase-Realm-Todo-SwiftUI-Firebase-Realm-TodoUITests.release.xcconfig */;
			buildSettings = {
				ALWAYS_EMBED_SWIFT_STANDARD_LIBRARIES = YES;
				CODE_SIGN_STYLE = Automatic;
				DEVELOPMENT_TEAM = KKN37UUKG9;
				INFOPLIST_FILE = "SwiftUI-Firebase-Realm-TodoUITests/Info.plist";
				LD_RUNPATH_SEARCH_PATHS = (
					"$(inherited)",
					"@executable_path/Frameworks",
					"@loader_path/Frameworks",
				);
				PRODUCT_BUNDLE_IDENTIFIER = "pro.tambovtsev.SwiftUI-Firebase-Realm-TodoUITests";
				PRODUCT_NAME = "$(TARGET_NAME)";
				SWIFT_VERSION = 5.0;
				TARGETED_DEVICE_FAMILY = "1,2";
				TEST_TARGET_NAME = "SwiftUI-Firebase-Realm-Todo";
			};
			name = Release;
		};
/* End XCBuildConfiguration section */

/* Begin XCConfigurationList section */
		E79BE33A263DCA99009985BB /* Build configuration list for PBXProject "SwiftUI-Firebase-Realm-Todo" */ = {
			isa = XCConfigurationList;
			buildConfigurations = (
				E79BE367263DCA9D009985BB /* Debug */,
				E79BE368263DCA9D009985BB /* Release */,
			);
			defaultConfigurationIsVisible = 0;
			defaultConfigurationName = Release;
		};
		E79BE369263DCA9D009985BB /* Build configuration list for PBXNativeTarget "SwiftUI-Firebase-Realm-Todo" */ = {
			isa = XCConfigurationList;
			buildConfigurations = (
				E79BE36A263DCA9D009985BB /* Debug */,
				E79BE36B263DCA9D009985BB /* Release */,
			);
			defaultConfigurationIsVisible = 0;
			defaultConfigurationName = Release;
		};
		E79BE36C263DCA9D009985BB /* Build configuration list for PBXNativeTarget "SwiftUI-Firebase-Realm-TodoTests" */ = {
			isa = XCConfigurationList;
			buildConfigurations = (
				E79BE36D263DCA9D009985BB /* Debug */,
				E79BE36E263DCA9D009985BB /* Release */,
			);
			defaultConfigurationIsVisible = 0;
			defaultConfigurationName = Release;
		};
		E79BE36F263DCA9D009985BB /* Build configuration list for PBXNativeTarget "SwiftUI-Firebase-Realm-TodoUITests" */ = {
			isa = XCConfigurationList;
			buildConfigurations = (
				E79BE370263DCA9D009985BB /* Debug */,
				E79BE371263DCA9D009985BB /* Release */,
			);
			defaultConfigurationIsVisible = 0;
			defaultConfigurationName = Release;
		};
/* End XCConfigurationList section */

/* Begin XCVersionGroup section */
		E79BE34D263DCA9D009985BB /* SwiftUI_Firebase_Realm_Todo.xcdatamodeld */ = {
			isa = XCVersionGroup;
			children = (
				E79BE34E263DCA9D009985BB /* SwiftUI_Firebase_Realm_Todo.xcdatamodel */,
			);
			currentVersion = E79BE34E263DCA9D009985BB /* SwiftUI_Firebase_Realm_Todo.xcdatamodel */;
			path = SwiftUI_Firebase_Realm_Todo.xcdatamodeld;
			sourceTree = "<group>";
			versionGroupType = wrapper.xcdatamodel;
		};
/* End XCVersionGroup section */
	};
	rootObject = E79BE337263DCA99009985BB /* Project object */;
}
